// !$*UTF8*$!
{
	archiveVersion = 1;
	classes = {
	};
	objectVersion = 56;
	objects = {

/* Begin PBXBuildFile section */
		05162BF8F731FF063EA2EF8F /* SupabaseAuthTokenProvider.swift in Sources */ = {isa = PBXBuildFile; fileRef = 0971793DF4898BD6A6D55383 /* SupabaseAuthTokenProvider.swift */; };
		3613820ED224C062500FFFCB /* SupabaseAuthAPIClientIntegrationTests.swift in Sources */ = {isa = PBXBuildFile; fileRef = CF54F5821818C237F5BA7343 /* SupabaseAuthAPIClientIntegrationTests.swift */; };
		3745137F7F58EFCE2946A030 /* AuthState.swift in Sources */ = {isa = PBXBuildFile; fileRef = 4E8A2C6D941134652C810AA3 /* AuthState.swift */; };
		407B34BF4E43BBCCF6B879C0 /* AuthStore.swift in Sources */ = {isa = PBXBuildFile; fileRef = CCB04380807D452BB0AE49D7 /* AuthStore.swift */; };
		4AE8771D25B47D980F2EFA79 /* Auth in Frameworks */ = {isa = PBXBuildFile; productRef = CF0CE987D5A42D231A395707 /* Auth */; };
		57BBE4818D52843C2262BF75 /* SupabaseAuthClientProtocol.swift in Sources */ = {isa = PBXBuildFile; fileRef = 5F004882F959EC899A12D337 /* SupabaseAuthClientProtocol.swift */; };
		5FCA6236632217416FC1F8BE /* SupabaseAuthConfiguration.swift in Sources */ = {isa = PBXBuildFile; fileRef = 4E9FB09E0BDB7A8855FB7A95 /* SupabaseAuthConfiguration.swift */; };
		804C599BA2E66ED804BAF21C /* LiveSupabaseAuthClient.swift in Sources */ = {isa = PBXBuildFile; fileRef = 93DDE1EFF41364B3803039D1 /* LiveSupabaseAuthClient.swift */; };
		8E7B97AF40A85E8BE9274532 /* ConfigurationErrorView.swift in Sources */ = {isa = PBXBuildFile; fileRef = 8771ABF71114B4D1906FDC04 /* ConfigurationErrorView.swift */; };
		A5D9402080B0053ED61DC354 /* SupabaseAuthTokenProviderTests.swift in Sources */ = {isa = PBXBuildFile; fileRef = C47950CD3118E2D33A213C2E /* SupabaseAuthTokenProviderTests.swift */; };
		BB29145C7C106CD6679925A3 /* MockSupabaseAuthClient.swift in Sources */ = {isa = PBXBuildFile; fileRef = F02A38E218F265D94A9740F2 /* MockSupabaseAuthClient.swift */; };
		BBAB92282EF4722A234AB6EB /* AuthStoreTests.swift in Sources */ = {isa = PBXBuildFile; fileRef = 0EEBBE8E5FE554D8CAB41B55 /* AuthStoreTests.swift */; };
		BC6BF4F0A155D4972DFB67EA /* Auth in Frameworks */ = {isa = PBXBuildFile; productRef = 4CCBA85CF945B815A85F2E7D /* Auth */; };
		CAFEF00D0000000000000032 /* MoviecalApp.swift in Sources */ = {isa = PBXBuildFile; fileRef = CAFEF00D0000000000000025 /* MoviecalApp.swift */; };
		CAFEF00D0000000000000033 /* RootView.swift in Sources */ = {isa = PBXBuildFile; fileRef = CAFEF00D0000000000000026 /* RootView.swift */; };
		CAFEF00D0000000000000034 /* Assets.xcassets in Resources */ = {isa = PBXBuildFile; fileRef = CAFEF00D0000000000000027 /* Assets.xcassets */; };
		CAFEF00D0000000000000035 /* MoviecalTests.swift in Sources */ = {isa = PBXBuildFile; fileRef = CAFEF00D0000000000000028 /* MoviecalTests.swift */; };
		CAFEF00D0000000000000056 /* APIEnvironment.swift in Sources */ = {isa = PBXBuildFile; fileRef = CAFEF00D0000000000000044 /* APIEnvironment.swift */; };
		CAFEF00D0000000000000057 /* AuthTokenProviding.swift in Sources */ = {isa = PBXBuildFile; fileRef = CAFEF00D0000000000000045 /* AuthTokenProviding.swift */; };
		CAFEF00D0000000000000058 /* APIClientError.swift in Sources */ = {isa = PBXBuildFile; fileRef = CAFEF00D0000000000000046 /* APIClientError.swift */; };
		CAFEF00D0000000000000059 /* APIClient.swift in Sources */ = {isa = PBXBuildFile; fileRef = CAFEF00D0000000000000047 /* APIClient.swift */; };
		CAFEF00D0000000000000060 /* Movie.swift in Sources */ = {isa = PBXBuildFile; fileRef = CAFEF00D0000000000000048 /* Movie.swift */; };
		CAFEF00D0000000000000061 /* WatchlistItem.swift in Sources */ = {isa = PBXBuildFile; fileRef = CAFEF00D0000000000000049 /* WatchlistItem.swift */; };
		CAFEF00D0000000000000062 /* MovieSearchResult.swift in Sources */ = {isa = PBXBuildFile; fileRef = CAFEF00D0000000000000050 /* MovieSearchResult.swift */; };
		CAFEF00D0000000000000063 /* CalendarSubscriptionResponse.swift in Sources */ = {isa = PBXBuildFile; fileRef = CAFEF00D0000000000000051 /* CalendarSubscriptionResponse.swift */; };
		CAFEF00D0000000000000064 /* APIErrorBody.swift in Sources */ = {isa = PBXBuildFile; fileRef = CAFEF00D0000000000000052 /* APIErrorBody.swift */; };
		CAFEF00D0000000000000065 /* MockURLProtocol.swift in Sources */ = {isa = PBXBuildFile; fileRef = CAFEF00D0000000000000053 /* MockURLProtocol.swift */; };
		CAFEF00D0000000000000066 /* APIClientTests.swift in Sources */ = {isa = PBXBuildFile; fileRef = CAFEF00D0000000000000054 /* APIClientTests.swift */; };
		CAFEF00D0000000000000067 /* ModelDecodingTests.swift in Sources */ = {isa = PBXBuildFile; fileRef = CAFEF00D0000000000000055 /* ModelDecodingTests.swift */; };
		CAFEF00D0000000000000071 /* SignInView.swift in Sources */ = {isa = PBXBuildFile; fileRef = CAFEF00D0000000000000070 /* SignInView.swift */; };
		CAFEF00D0000000000000073 /* SignInViewModel.swift in Sources */ = {isa = PBXBuildFile; fileRef = CAFEF00D0000000000000072 /* SignInViewModel.swift */; };
		CAFEF00D0000000000000075 /* UITestFakeSupabaseAuthClient.swift in Sources */ = {isa = PBXBuildFile; fileRef = CAFEF00D0000000000000074 /* UITestFakeSupabaseAuthClient.swift */; };
		CAFEF00D0000000000000077 /* MainTabView.swift in Sources */ = {isa = PBXBuildFile; fileRef = CAFEF00D0000000000000076 /* MainTabView.swift */; };
		CAFEF00D0000000000000079 /* SearchView.swift in Sources */ = {isa = PBXBuildFile; fileRef = CAFEF00D0000000000000078 /* SearchView.swift */; };
		CAFEF00D0000000000000201 /* SearchViewModel.swift in Sources */ = {isa = PBXBuildFile; fileRef = CAFEF00D0000000000000200 /* SearchViewModel.swift */; };
		CAFEF00D0000000000000203 /* SearchViewModelTests.swift in Sources */ = {isa = PBXBuildFile; fileRef = CAFEF00D0000000000000202 /* SearchViewModelTests.swift */; };
		CAFEF00D0000000000000081 /* SettingsView.swift in Sources */ = {isa = PBXBuildFile; fileRef = CAFEF00D0000000000000080 /* SettingsView.swift */; };
		CAFEF00D0000000000000083 /* WatchlistView.swift in Sources */ = {isa = PBXBuildFile; fileRef = CAFEF00D0000000000000082 /* WatchlistView.swift */; };
		CAFEF00D0000000000000085 /* WatchlistViewModel.swift in Sources */ = {isa = PBXBuildFile; fileRef = CAFEF00D0000000000000084 /* WatchlistViewModel.swift */; };
		CAFEF00D0000000000000087 /* WatchlistViewModelTests.swift in Sources */ = {isa = PBXBuildFile; fileRef = CAFEF00D0000000000000086 /* WatchlistViewModelTests.swift */; };
		CAFEF00D0000000000000089 /* SignInViewModelTests.swift in Sources */ = {isa = PBXBuildFile; fileRef = CAFEF00D0000000000000088 /* SignInViewModelTests.swift */; };
		CAFEF00D0000000000000091 /* SnapshotAssertion.swift in Sources */ = {isa = PBXBuildFile; fileRef = CAFEF00D0000000000000090 /* SnapshotAssertion.swift */; };
		CAFEF00D0000000000000093 /* AppShellSnapshotTests.swift in Sources */ = {isa = PBXBuildFile; fileRef = CAFEF00D0000000000000092 /* AppShellSnapshotTests.swift */; };
		CAFEF00D0000000000000102 /* SignInToMainTabsUITests.swift in Sources */ = {isa = PBXBuildFile; fileRef = CAFEF00D0000000000000101 /* SignInToMainTabsUITests.swift */; };
/* End PBXBuildFile section */

/* Begin PBXContainerItemProxy section */
		CAFEF00D0000000000000043 /* PBXContainerItemProxy */ = {
			isa = PBXContainerItemProxy;
			containerPortal = CAFEF00D0000000000000001 /* Project object */;
			proxyType = 1;
			remoteGlobalIDString = CAFEF00D0000000000000002;
			remoteInfo = Moviecal;
		};
		CAFEF00D0000000000000108 /* PBXContainerItemProxy */ = {
			isa = PBXContainerItemProxy;
			containerPortal = CAFEF00D0000000000000001 /* Project object */;
			proxyType = 1;
			remoteGlobalIDString = CAFEF00D0000000000000002;
			remoteInfo = Moviecal;
		};
/* End PBXContainerItemProxy section */

/* Begin PBXFileReference section */
		0971793DF4898BD6A6D55383 /* SupabaseAuthTokenProvider.swift */ = {isa = PBXFileReference; includeInIndex = 1; lastKnownFileType = sourcecode.swift; path = SupabaseAuthTokenProvider.swift; sourceTree = "<group>"; };
		0EEBBE8E5FE554D8CAB41B55 /* AuthStoreTests.swift */ = {isa = PBXFileReference; includeInIndex = 1; lastKnownFileType = sourcecode.swift; path = AuthStoreTests.swift; sourceTree = "<group>"; };
		2A166CCCCB2C47E587B70A76 /* Info.plist */ = {isa = PBXFileReference; includeInIndex = 1; lastKnownFileType = text.plist.xml; path = Info.plist; sourceTree = "<group>"; };
		4E8A2C6D941134652C810AA3 /* AuthState.swift */ = {isa = PBXFileReference; includeInIndex = 1; lastKnownFileType = sourcecode.swift; path = AuthState.swift; sourceTree = "<group>"; };
		4E9FB09E0BDB7A8855FB7A95 /* SupabaseAuthConfiguration.swift */ = {isa = PBXFileReference; includeInIndex = 1; lastKnownFileType = sourcecode.swift; path = SupabaseAuthConfiguration.swift; sourceTree = "<group>"; };
		5F004882F959EC899A12D337 /* SupabaseAuthClientProtocol.swift */ = {isa = PBXFileReference; includeInIndex = 1; lastKnownFileType = sourcecode.swift; path = SupabaseAuthClientProtocol.swift; sourceTree = "<group>"; };
		8771ABF71114B4D1906FDC04 /* ConfigurationErrorView.swift */ = {isa = PBXFileReference; includeInIndex = 1; lastKnownFileType = sourcecode.swift; path = ConfigurationErrorView.swift; sourceTree = "<group>"; };
		93DDE1EFF41364B3803039D1 /* LiveSupabaseAuthClient.swift */ = {isa = PBXFileReference; includeInIndex = 1; lastKnownFileType = sourcecode.swift; path = LiveSupabaseAuthClient.swift; sourceTree = "<group>"; };
		C47950CD3118E2D33A213C2E /* SupabaseAuthTokenProviderTests.swift */ = {isa = PBXFileReference; includeInIndex = 1; lastKnownFileType = sourcecode.swift; path = SupabaseAuthTokenProviderTests.swift; sourceTree = "<group>"; };
		CAFEF00D0000000000000023 /* Moviecal.app */ = {isa = PBXFileReference; explicitFileType = wrapper.application; includeInIndex = 0; path = Moviecal.app; sourceTree = BUILT_PRODUCTS_DIR; };
		CAFEF00D0000000000000024 /* MoviecalTests.xctest */ = {isa = PBXFileReference; explicitFileType = wrapper.cfbundle; includeInIndex = 0; path = MoviecalTests.xctest; sourceTree = BUILT_PRODUCTS_DIR; };
		CAFEF00D0000000000000025 /* MoviecalApp.swift */ = {isa = PBXFileReference; lastKnownFileType = sourcecode.swift; path = MoviecalApp.swift; sourceTree = "<group>"; };
		CAFEF00D0000000000000026 /* RootView.swift */ = {isa = PBXFileReference; lastKnownFileType = sourcecode.swift; path = RootView.swift; sourceTree = "<group>"; };
		CAFEF00D0000000000000027 /* Assets.xcassets */ = {isa = PBXFileReference; lastKnownFileType = folder.assetcatalog; path = Assets.xcassets; sourceTree = "<group>"; };
		CAFEF00D0000000000000028 /* MoviecalTests.swift */ = {isa = PBXFileReference; lastKnownFileType = sourcecode.swift; path = MoviecalTests.swift; sourceTree = "<group>"; };
		CAFEF00D0000000000000029 /* .gitkeep */ = {isa = PBXFileReference; lastKnownFileType = text; path = .gitkeep; sourceTree = "<group>"; };
		CAFEF00D0000000000000030 /* .gitkeep */ = {isa = PBXFileReference; lastKnownFileType = text; path = .gitkeep; sourceTree = "<group>"; };
		CAFEF00D0000000000000031 /* .gitkeep */ = {isa = PBXFileReference; lastKnownFileType = text; path = .gitkeep; sourceTree = "<group>"; };
		CAFEF00D0000000000000044 /* APIEnvironment.swift */ = {isa = PBXFileReference; lastKnownFileType = sourcecode.swift; path = APIEnvironment.swift; sourceTree = "<group>"; };
		CAFEF00D0000000000000045 /* AuthTokenProviding.swift */ = {isa = PBXFileReference; lastKnownFileType = sourcecode.swift; path = AuthTokenProviding.swift; sourceTree = "<group>"; };
		CAFEF00D0000000000000046 /* APIClientError.swift */ = {isa = PBXFileReference; lastKnownFileType = sourcecode.swift; path = APIClientError.swift; sourceTree = "<group>"; };
		CAFEF00D0000000000000047 /* APIClient.swift */ = {isa = PBXFileReference; lastKnownFileType = sourcecode.swift; path = APIClient.swift; sourceTree = "<group>"; };
		CAFEF00D0000000000000048 /* Movie.swift */ = {isa = PBXFileReference; lastKnownFileType = sourcecode.swift; path = Movie.swift; sourceTree = "<group>"; };
		CAFEF00D0000000000000049 /* WatchlistItem.swift */ = {isa = PBXFileReference; lastKnownFileType = sourcecode.swift; path = WatchlistItem.swift; sourceTree = "<group>"; };
		CAFEF00D0000000000000050 /* MovieSearchResult.swift */ = {isa = PBXFileReference; lastKnownFileType = sourcecode.swift; path = MovieSearchResult.swift; sourceTree = "<group>"; };
		CAFEF00D0000000000000051 /* CalendarSubscriptionResponse.swift */ = {isa = PBXFileReference; lastKnownFileType = sourcecode.swift; path = CalendarSubscriptionResponse.swift; sourceTree = "<group>"; };
		CAFEF00D0000000000000052 /* APIErrorBody.swift */ = {isa = PBXFileReference; lastKnownFileType = sourcecode.swift; path = APIErrorBody.swift; sourceTree = "<group>"; };
		CAFEF00D0000000000000053 /* MockURLProtocol.swift */ = {isa = PBXFileReference; lastKnownFileType = sourcecode.swift; path = MockURLProtocol.swift; sourceTree = "<group>"; };
		CAFEF00D0000000000000054 /* APIClientTests.swift */ = {isa = PBXFileReference; lastKnownFileType = sourcecode.swift; path = APIClientTests.swift; sourceTree = "<group>"; };
		CAFEF00D0000000000000055 /* ModelDecodingTests.swift */ = {isa = PBXFileReference; lastKnownFileType = sourcecode.swift; path = ModelDecodingTests.swift; sourceTree = "<group>"; };
		CAFEF00D0000000000000070 /* SignInView.swift */ = {isa = PBXFileReference; lastKnownFileType = sourcecode.swift; path = SignInView.swift; sourceTree = "<group>"; };
		CAFEF00D0000000000000072 /* SignInViewModel.swift */ = {isa = PBXFileReference; lastKnownFileType = sourcecode.swift; path = SignInViewModel.swift; sourceTree = "<group>"; };
		CAFEF00D0000000000000074 /* UITestFakeSupabaseAuthClient.swift */ = {isa = PBXFileReference; lastKnownFileType = sourcecode.swift; path = UITestFakeSupabaseAuthClient.swift; sourceTree = "<group>"; };
		CAFEF00D0000000000000076 /* MainTabView.swift */ = {isa = PBXFileReference; lastKnownFileType = sourcecode.swift; path = MainTabView.swift; sourceTree = "<group>"; };
		CAFEF00D0000000000000078 /* SearchView.swift */ = {isa = PBXFileReference; lastKnownFileType = sourcecode.swift; path = SearchView.swift; sourceTree = "<group>"; };
		CAFEF00D0000000000000200 /* SearchViewModel.swift */ = {isa = PBXFileReference; lastKnownFileType = sourcecode.swift; path = SearchViewModel.swift; sourceTree = "<group>"; };
		CAFEF00D0000000000000202 /* SearchViewModelTests.swift */ = {isa = PBXFileReference; lastKnownFileType = sourcecode.swift; path = SearchViewModelTests.swift; sourceTree = "<group>"; };
		CAFEF00D0000000000000080 /* SettingsView.swift */ = {isa = PBXFileReference; lastKnownFileType = sourcecode.swift; path = SettingsView.swift; sourceTree = "<group>"; };
		CAFEF00D0000000000000082 /* WatchlistView.swift */ = {isa = PBXFileReference; lastKnownFileType = sourcecode.swift; path = WatchlistView.swift; sourceTree = "<group>"; };
		CAFEF00D0000000000000084 /* WatchlistViewModel.swift */ = {isa = PBXFileReference; lastKnownFileType = sourcecode.swift; path = WatchlistViewModel.swift; sourceTree = "<group>"; };
		CAFEF00D0000000000000086 /* WatchlistViewModelTests.swift */ = {isa = PBXFileReference; lastKnownFileType = sourcecode.swift; path = WatchlistViewModelTests.swift; sourceTree = "<group>"; };
		CAFEF00D0000000000000088 /* SignInViewModelTests.swift */ = {isa = PBXFileReference; lastKnownFileType = sourcecode.swift; path = SignInViewModelTests.swift; sourceTree = "<group>"; };
		CAFEF00D0000000000000090 /* SnapshotAssertion.swift */ = {isa = PBXFileReference; lastKnownFileType = sourcecode.swift; path = SnapshotAssertion.swift; sourceTree = "<group>"; };
		CAFEF00D0000000000000092 /* AppShellSnapshotTests.swift */ = {isa = PBXFileReference; lastKnownFileType = sourcecode.swift; path = AppShellSnapshotTests.swift; sourceTree = "<group>"; };
		CAFEF00D0000000000000100 /* MoviecalUITests.xctest */ = {isa = PBXFileReference; explicitFileType = wrapper.cfbundle; includeInIndex = 0; path = MoviecalUITests.xctest; sourceTree = BUILT_PRODUCTS_DIR; };
		CAFEF00D0000000000000101 /* SignInToMainTabsUITests.swift */ = {isa = PBXFileReference; lastKnownFileType = sourcecode.swift; path = SignInToMainTabsUITests.swift; sourceTree = "<group>"; };
		CCB04380807D452BB0AE49D7 /* AuthStore.swift */ = {isa = PBXFileReference; includeInIndex = 1; lastKnownFileType = sourcecode.swift; path = AuthStore.swift; sourceTree = "<group>"; };
		CF54F5821818C237F5BA7343 /* SupabaseAuthAPIClientIntegrationTests.swift */ = {isa = PBXFileReference; includeInIndex = 1; lastKnownFileType = sourcecode.swift; path = SupabaseAuthAPIClientIntegrationTests.swift; sourceTree = "<group>"; };
		F02A38E218F265D94A9740F2 /* MockSupabaseAuthClient.swift */ = {isa = PBXFileReference; includeInIndex = 1; lastKnownFileType = sourcecode.swift; path = MockSupabaseAuthClient.swift; sourceTree = "<group>"; };
/* End PBXFileReference section */

/* Begin PBXFrameworksBuildPhase section */
		CAFEF00D0000000000000038 /* Frameworks */ = {
			isa = PBXFrameworksBuildPhase;
			buildActionMask = 2147483647;
			files = (
				4AE8771D25B47D980F2EFA79 /* Auth in Frameworks */,
			);
			runOnlyForDeploymentPostprocessing = 0;
		};
		CAFEF00D0000000000000041 /* Frameworks */ = {
			isa = PBXFrameworksBuildPhase;
			buildActionMask = 2147483647;
			files = (
				BC6BF4F0A155D4972DFB67EA /* Auth in Frameworks */,
			);
			runOnlyForDeploymentPostprocessing = 0;
		};
		CAFEF00D0000000000000105 /* Frameworks */ = {
			isa = PBXFrameworksBuildPhase;
			buildActionMask = 2147483647;
			files = (
			);
			runOnlyForDeploymentPostprocessing = 0;
		};
/* End PBXFrameworksBuildPhase section */

/* Begin PBXGroup section */
		CAFEF00D0000000000000013 = {
			isa = PBXGroup;
			children = (
				CAFEF00D0000000000000015 /* Moviecal */,
				CAFEF00D0000000000000022 /* MoviecalTests */,
				CAFEF00D0000000000000103 /* MoviecalUITests */,
				CAFEF00D0000000000000014 /* Products */,
			);
			sourceTree = "<group>";
		};
		CAFEF00D0000000000000014 /* Products */ = {
			isa = PBXGroup;
			children = (
				CAFEF00D0000000000000023 /* Moviecal.app */,
				CAFEF00D0000000000000024 /* MoviecalTests.xctest */,
				CAFEF00D0000000000000100 /* MoviecalUITests.xctest */,
			);
			name = Products;
			sourceTree = "<group>";
		};
		CAFEF00D0000000000000015 /* Moviecal */ = {
			isa = PBXGroup;
			children = (
				CAFEF00D0000000000000016 /* App */,
				CAFEF00D0000000000000017 /* Features */,
				CAFEF00D0000000000000019 /* Networking */,
				CAFEF00D0000000000000020 /* Models */,
				CAFEF00D0000000000000021 /* Auth */,
				CAFEF00D0000000000000027 /* Assets.xcassets */,
				2A166CCCCB2C47E587B70A76 /* Info.plist */,
			);
			path = Moviecal;
			sourceTree = "<group>";
		};
		CAFEF00D0000000000000016 /* App */ = {
			isa = PBXGroup;
			children = (
				CAFEF00D0000000000000025 /* MoviecalApp.swift */,
			);
			path = App;
			sourceTree = "<group>";
		};
		CAFEF00D0000000000000017 /* Features */ = {
			isa = PBXGroup;
			children = (
				CAFEF00D0000000000000018 /* Root */,
				CAFEF00D0000000000000094 /* SignIn */,
				CAFEF00D0000000000000095 /* Search */,
				CAFEF00D0000000000000096 /* Settings */,
				CAFEF00D0000000000000097 /* Watchlist */,
			);
			path = Features;
			sourceTree = "<group>";
		};
		CAFEF00D0000000000000018 /* Root */ = {
			isa = PBXGroup;
			children = (
				CAFEF00D0000000000000026 /* RootView.swift */,
				CAFEF00D0000000000000076 /* MainTabView.swift */,
				8771ABF71114B4D1906FDC04 /* ConfigurationErrorView.swift */,
			);
			path = Root;
			sourceTree = "<group>";
		};
		CAFEF00D0000000000000019 /* Networking */ = {
			isa = PBXGroup;
			children = (
				CAFEF00D0000000000000044 /* APIEnvironment.swift */,
				CAFEF00D0000000000000045 /* AuthTokenProviding.swift */,
				CAFEF00D0000000000000046 /* APIClientError.swift */,
				CAFEF00D0000000000000047 /* APIClient.swift */,
				CAFEF00D0000000000000029 /* .gitkeep */,
			);
			path = Networking;
			sourceTree = "<group>";
		};
		CAFEF00D0000000000000020 /* Models */ = {
			isa = PBXGroup;
			children = (
				CAFEF00D0000000000000048 /* Movie.swift */,
				CAFEF00D0000000000000049 /* WatchlistItem.swift */,
				CAFEF00D0000000000000050 /* MovieSearchResult.swift */,
				CAFEF00D0000000000000051 /* CalendarSubscriptionResponse.swift */,
				CAFEF00D0000000000000052 /* APIErrorBody.swift */,
				CAFEF00D0000000000000030 /* .gitkeep */,
			);
			path = Models;
			sourceTree = "<group>";
		};
		CAFEF00D0000000000000021 /* Auth */ = {
			isa = PBXGroup;
			children = (
				CAFEF00D0000000000000031 /* .gitkeep */,
				4E9FB09E0BDB7A8855FB7A95 /* SupabaseAuthConfiguration.swift */,
				5F004882F959EC899A12D337 /* SupabaseAuthClientProtocol.swift */,
				93DDE1EFF41364B3803039D1 /* LiveSupabaseAuthClient.swift */,
				4E8A2C6D941134652C810AA3 /* AuthState.swift */,
				CCB04380807D452BB0AE49D7 /* AuthStore.swift */,
				0971793DF4898BD6A6D55383 /* SupabaseAuthTokenProvider.swift */,
				CAFEF00D0000000000000074 /* UITestFakeSupabaseAuthClient.swift */,
			);
			path = Auth;
			sourceTree = "<group>";
		};
		CAFEF00D0000000000000022 /* MoviecalTests */ = {
			isa = PBXGroup;
			children = (
				CAFEF00D0000000000000028 /* MoviecalTests.swift */,
				CAFEF00D0000000000000068 /* Networking */,
				CAFEF00D0000000000000069 /* Models */,
				E82B9F0E690D5137FE3A0EC7 /* Auth */,
				CAFEF00D0000000000000098 /* Watchlist */,
				CAFEF00D0000000000000204 /* Search */,
				CAFEF00D0000000000000099 /* Snapshots */,
			);
			path = MoviecalTests;
			sourceTree = "<group>";
		};
		CAFEF00D0000000000000068 /* Networking */ = {
			isa = PBXGroup;
			children = (
				CAFEF00D0000000000000053 /* MockURLProtocol.swift */,
				CAFEF00D0000000000000054 /* APIClientTests.swift */,
			);
			path = Networking;
			sourceTree = "<group>";
		};
		CAFEF00D0000000000000069 /* Models */ = {
			isa = PBXGroup;
			children = (
				CAFEF00D0000000000000055 /* ModelDecodingTests.swift */,
			);
			path = Models;
			sourceTree = "<group>";
		};
		CAFEF00D0000000000000094 /* SignIn */ = {
			isa = PBXGroup;
			children = (
				CAFEF00D0000000000000070 /* SignInView.swift */,
				CAFEF00D0000000000000072 /* SignInViewModel.swift */,
			);
			path = SignIn;
			sourceTree = "<group>";
		};
		CAFEF00D0000000000000095 /* Search */ = {
			isa = PBXGroup;
			children = (
				CAFEF00D0000000000000078 /* SearchView.swift */,
				CAFEF00D0000000000000200 /* SearchViewModel.swift */,
			);
			path = Search;
			sourceTree = "<group>";
		};
		CAFEF00D0000000000000096 /* Settings */ = {
			isa = PBXGroup;
			children = (
				CAFEF00D0000000000000080 /* SettingsView.swift */,
			);
			path = Settings;
			sourceTree = "<group>";
		};
		CAFEF00D0000000000000097 /* Watchlist */ = {
			isa = PBXGroup;
			children = (
				CAFEF00D0000000000000082 /* WatchlistView.swift */,
				CAFEF00D0000000000000084 /* WatchlistViewModel.swift */,
			);
			path = Watchlist;
			sourceTree = "<group>";
		};
		CAFEF00D0000000000000098 /* Watchlist */ = {
			isa = PBXGroup;
			children = (
				CAFEF00D0000000000000086 /* WatchlistViewModelTests.swift */,
			);
			path = Watchlist;
			sourceTree = "<group>";
		};
		CAFEF00D0000000000000204 /* Search */ = {
			isa = PBXGroup;
			children = (
				CAFEF00D0000000000000202 /* SearchViewModelTests.swift */,
			);
			path = Search;
			sourceTree = "<group>";
		};
		CAFEF00D0000000000000099 /* Snapshots */ = {
			isa = PBXGroup;
			children = (
				CAFEF00D0000000000000090 /* SnapshotAssertion.swift */,
				CAFEF00D0000000000000092 /* AppShellSnapshotTests.swift */,
			);
			path = Snapshots;
			sourceTree = "<group>";
		};
		CAFEF00D0000000000000103 /* MoviecalUITests */ = {
			isa = PBXGroup;
			children = (
				CAFEF00D0000000000000101 /* SignInToMainTabsUITests.swift */,
			);
			path = MoviecalUITests;
			sourceTree = "<group>";
		};
		E82B9F0E690D5137FE3A0EC7 /* Auth */ = {
			isa = PBXGroup;
			children = (
				F02A38E218F265D94A9740F2 /* MockSupabaseAuthClient.swift */,
				0EEBBE8E5FE554D8CAB41B55 /* AuthStoreTests.swift */,
				C47950CD3118E2D33A213C2E /* SupabaseAuthTokenProviderTests.swift */,
				CF54F5821818C237F5BA7343 /* SupabaseAuthAPIClientIntegrationTests.swift */,
				CAFEF00D0000000000000088 /* SignInViewModelTests.swift */,
			);
			name = Auth;
			path = Auth;
			sourceTree = "<group>";
		};
/* End PBXGroup section */

/* Begin PBXNativeTarget section */
		CAFEF00D0000000000000002 /* Moviecal */ = {
			isa = PBXNativeTarget;
			buildConfigurationList = CAFEF00D0000000000000005 /* Build configuration list for PBXNativeTarget "Moviecal" */;
			buildPhases = (
				CAFEF00D0000000000000036 /* Sources */,
				CAFEF00D0000000000000038 /* Frameworks */,
				CAFEF00D0000000000000037 /* Resources */,
			);
			buildRules = (
			);
			dependencies = (
			);
			name = Moviecal;
			packageProductDependencies = (
				CF0CE987D5A42D231A395707 /* Auth */,
			);
			productName = Moviecal;
			productReference = CAFEF00D0000000000000023 /* Moviecal.app */;
			productType = "com.apple.product-type.application";
		};
		CAFEF00D0000000000000003 /* MoviecalTests */ = {
			isa = PBXNativeTarget;
			buildConfigurationList = CAFEF00D0000000000000006 /* Build configuration list for PBXNativeTarget "MoviecalTests" */;
			buildPhases = (
				CAFEF00D0000000000000039 /* Sources */,
				CAFEF00D0000000000000041 /* Frameworks */,
				CAFEF00D0000000000000040 /* Resources */,
			);
			buildRules = (
			);
			dependencies = (
				CAFEF00D0000000000000042 /* PBXTargetDependency */,
			);
			name = MoviecalTests;
			packageProductDependencies = (
				4CCBA85CF945B815A85F2E7D /* Auth */,
			);
			productName = MoviecalTests;
			productReference = CAFEF00D0000000000000024 /* MoviecalTests.xctest */;
			productType = "com.apple.product-type.bundle.unit-test";
		};
		CAFEF00D0000000000000107 /* MoviecalUITests */ = {
			isa = PBXNativeTarget;
			buildConfigurationList = CAFEF00D0000000000000110 /* Build configuration list for PBXNativeTarget "MoviecalUITests" */;
			buildPhases = (
				CAFEF00D0000000000000104 /* Sources */,
				CAFEF00D0000000000000105 /* Frameworks */,
				CAFEF00D0000000000000106 /* Resources */,
			);
			buildRules = (
			);
			dependencies = (
				CAFEF00D0000000000000109 /* PBXTargetDependency */,
			);
			name = MoviecalUITests;
			productName = MoviecalUITests;
			productReference = CAFEF00D0000000000000100 /* MoviecalUITests.xctest */;
			productType = "com.apple.product-type.bundle.ui-testing";
		};
/* End PBXNativeTarget section */

/* Begin PBXProject section */
		CAFEF00D0000000000000001 /* Project object */ = {
			isa = PBXProject;
			attributes = {
				BuildIndependentTargetsInParallel = 1;
				LastSwiftUpdateCheck = 1620;
				LastUpgradeCheck = 1620;
				ORGANIZATIONNAME = Moviecal;
				TargetAttributes = {
					CAFEF00D0000000000000002 = {
						CreatedOnToolsVersion = 16.2;
					};
					CAFEF00D0000000000000003 = {
						CreatedOnToolsVersion = 16.2;
						TestTargetID = CAFEF00D0000000000000002;
					};
					CAFEF00D0000000000000107 = {
						CreatedOnToolsVersion = 16.2;
						TestTargetID = CAFEF00D0000000000000002;
					};
				};
			};
			buildConfigurationList = CAFEF00D0000000000000004 /* Build configuration list for PBXProject "Moviecal" */;
			compatibilityVersion = "Xcode 14.0";
			developmentRegion = en;
			hasScannedForEncodings = 0;
			knownRegions = (
				en,
				Base,
			);
			mainGroup = CAFEF00D0000000000000013;
			packageReferences = (
				B21B3D657B5505C26F549A23 /* XCRemoteSwiftPackageReference "supabase-swift" */,
			);
			productRefGroup = CAFEF00D0000000000000014 /* Products */;
			projectDirPath = "";
			projectRoot = "";
			targets = (
				CAFEF00D0000000000000002 /* Moviecal */,
				CAFEF00D0000000000000003 /* MoviecalTests */,
				CAFEF00D0000000000000107 /* MoviecalUITests */,
			);
		};
/* End PBXProject section */

/* Begin PBXResourcesBuildPhase section */
		CAFEF00D0000000000000037 /* Resources */ = {
			isa = PBXResourcesBuildPhase;
			buildActionMask = 2147483647;
			files = (
				CAFEF00D0000000000000034 /* Assets.xcassets in Resources */,
			);
			runOnlyForDeploymentPostprocessing = 0;
		};
		CAFEF00D0000000000000040 /* Resources */ = {
			isa = PBXResourcesBuildPhase;
			buildActionMask = 2147483647;
			files = (
			);
			runOnlyForDeploymentPostprocessing = 0;
		};
		CAFEF00D0000000000000106 /* Resources */ = {
			isa = PBXResourcesBuildPhase;
			buildActionMask = 2147483647;
			files = (
			);
			runOnlyForDeploymentPostprocessing = 0;
		};
/* End PBXResourcesBuildPhase section */

/* Begin PBXSourcesBuildPhase section */
		CAFEF00D0000000000000036 /* Sources */ = {
			isa = PBXSourcesBuildPhase;
			buildActionMask = 2147483647;
			files = (
				CAFEF00D0000000000000032 /* MoviecalApp.swift in Sources */,
				CAFEF00D0000000000000033 /* RootView.swift in Sources */,
				CAFEF00D0000000000000056 /* APIEnvironment.swift in Sources */,
				CAFEF00D0000000000000057 /* AuthTokenProviding.swift in Sources */,
				CAFEF00D0000000000000058 /* APIClientError.swift in Sources */,
				CAFEF00D0000000000000059 /* APIClient.swift in Sources */,
				CAFEF00D0000000000000060 /* Movie.swift in Sources */,
				CAFEF00D0000000000000061 /* WatchlistItem.swift in Sources */,
				CAFEF00D0000000000000062 /* MovieSearchResult.swift in Sources */,
				CAFEF00D0000000000000063 /* CalendarSubscriptionResponse.swift in Sources */,
				CAFEF00D0000000000000064 /* APIErrorBody.swift in Sources */,
				5FCA6236632217416FC1F8BE /* SupabaseAuthConfiguration.swift in Sources */,
				57BBE4818D52843C2262BF75 /* SupabaseAuthClientProtocol.swift in Sources */,
				804C599BA2E66ED804BAF21C /* LiveSupabaseAuthClient.swift in Sources */,
				3745137F7F58EFCE2946A030 /* AuthState.swift in Sources */,
				407B34BF4E43BBCCF6B879C0 /* AuthStore.swift in Sources */,
				05162BF8F731FF063EA2EF8F /* SupabaseAuthTokenProvider.swift in Sources */,
				CAFEF00D0000000000000075 /* UITestFakeSupabaseAuthClient.swift in Sources */,
				CAFEF00D0000000000000071 /* SignInView.swift in Sources */,
				CAFEF00D0000000000000073 /* SignInViewModel.swift in Sources */,
				CAFEF00D0000000000000077 /* MainTabView.swift in Sources */,
				CAFEF00D0000000000000079 /* SearchView.swift in Sources */,
				CAFEF00D0000000000000201 /* SearchViewModel.swift in Sources */,
				CAFEF00D0000000000000081 /* SettingsView.swift in Sources */,
				CAFEF00D0000000000000083 /* WatchlistView.swift in Sources */,
				CAFEF00D0000000000000085 /* WatchlistViewModel.swift in Sources */,
				8E7B97AF40A85E8BE9274532 /* ConfigurationErrorView.swift in Sources */,
			);
			runOnlyForDeploymentPostprocessing = 0;
		};
		CAFEF00D0000000000000039 /* Sources */ = {
			isa = PBXSourcesBuildPhase;
			buildActionMask = 2147483647;
			files = (
				CAFEF00D0000000000000035 /* MoviecalTests.swift in Sources */,
				CAFEF00D0000000000000065 /* MockURLProtocol.swift in Sources */,
				CAFEF00D0000000000000066 /* APIClientTests.swift in Sources */,
				CAFEF00D0000000000000067 /* ModelDecodingTests.swift in Sources */,
				BB29145C7C106CD6679925A3 /* MockSupabaseAuthClient.swift in Sources */,
				BBAB92282EF4722A234AB6EB /* AuthStoreTests.swift in Sources */,
				A5D9402080B0053ED61DC354 /* SupabaseAuthTokenProviderTests.swift in Sources */,
				3613820ED224C062500FFFCB /* SupabaseAuthAPIClientIntegrationTests.swift in Sources */,
				CAFEF00D0000000000000087 /* WatchlistViewModelTests.swift in Sources */,
				CAFEF00D0000000000000203 /* SearchViewModelTests.swift in Sources */,
				CAFEF00D0000000000000089 /* SignInViewModelTests.swift in Sources */,
				CAFEF00D0000000000000091 /* SnapshotAssertion.swift in Sources */,
				CAFEF00D0000000000000093 /* AppShellSnapshotTests.swift in Sources */,
			);
			runOnlyForDeploymentPostprocessing = 0;
		};
		CAFEF00D0000000000000104 /* Sources */ = {
			isa = PBXSourcesBuildPhase;
			buildActionMask = 2147483647;
			files = (
				CAFEF00D0000000000000102 /* SignInToMainTabsUITests.swift in Sources */,
			);
			runOnlyForDeploymentPostprocessing = 0;
		};
/* End PBXSourcesBuildPhase section */

/* Begin PBXTargetDependency section */
		CAFEF00D0000000000000042 /* PBXTargetDependency */ = {
			isa = PBXTargetDependency;
			target = CAFEF00D0000000000000002 /* Moviecal */;
			targetProxy = CAFEF00D0000000000000043 /* PBXContainerItemProxy */;
		};
		CAFEF00D0000000000000109 /* PBXTargetDependency */ = {
			isa = PBXTargetDependency;
			target = CAFEF00D0000000000000002 /* Moviecal */;
			targetProxy = CAFEF00D0000000000000108 /* PBXContainerItemProxy */;
		};
/* End PBXTargetDependency section */

/* Begin XCBuildConfiguration section */
		CAFEF00D0000000000000007 /* Debug */ = {
			isa = XCBuildConfiguration;
			buildSettings = {
				ALWAYS_SEARCH_USER_PATHS = NO;
				CLANG_ANALYZER_NONNULL = YES;
				CLANG_ANALYZER_NUMBER_OBJECT_CONVERSION = YES_AGGRESSIVE;
				CLANG_CXX_LANGUAGE_STANDARD = "gnu++20";
				CLANG_ENABLE_MODULES = YES;
				CLANG_ENABLE_OBJC_ARC = YES;
				CLANG_ENABLE_OBJC_WEAK = YES;
				CLANG_WARN_BLOCK_CAPTURE_AUTORELEASING = YES;
				CLANG_WARN_BOOL_CONVERSION = YES;
				CLANG_WARN_COMMA = YES;
				CLANG_WARN_CONSTANT_CONVERSION = YES;
				CLANG_WARN_DEPRECATED_OBJC_IMPLEMENTATIONS = YES;
				CLANG_WARN_DIRECT_OBJC_ISA_USAGE = YES_ERROR;
				CLANG_WARN_DOCUMENTATION_COMMENTS = YES;
				CLANG_WARN_EMPTY_BODY = YES;
				CLANG_WARN_ENUM_CONVERSION = YES;
				CLANG_WARN_INFINITE_RECURSION = YES;
				CLANG_WARN_INT_CONVERSION = YES;
				CLANG_WARN_NON_LITERAL_NULL_CONVERSION = YES;
				CLANG_WARN_OBJC_IMPLICIT_RETAIN_SELF = YES;
				CLANG_WARN_OBJC_LITERAL_CONVERSION = YES;
				CLANG_WARN_OBJC_ROOT_CLASS = YES_ERROR;
				CLANG_WARN_QUOTED_INCLUDE_IN_FRAMEWORK_HEADER = YES;
				CLANG_WARN_RANGE_LOOP_ANALYSIS = YES;
				CLANG_WARN_STRICT_PROTOTYPES = YES;
				CLANG_WARN_SUSPICIOUS_MOVE = YES;
				CLANG_WARN_UNGUARDED_AVAILABILITY = YES_AGGRESSIVE;
				CLANG_WARN_UNREACHABLE_CODE = YES;
				CLANG_WARN__DUPLICATE_METHOD_MATCH = YES;
				COPY_PHASE_STRIP = NO;
				DEBUG_INFORMATION_FORMAT = dwarf;
				ENABLE_STRICT_OBJC_MSGSEND = YES;
				ENABLE_TESTABILITY = YES;
				ENABLE_USER_SCRIPT_SANDBOXING = YES;
				GCC_C_LANGUAGE_STANDARD = gnu17;
				GCC_DYNAMIC_NO_PIC = NO;
				GCC_NO_COMMON_BLOCKS = YES;
				GCC_OPTIMIZATION_LEVEL = 0;
				GCC_PREPROCESSOR_DEFINITIONS = (
					"DEBUG=1",
					"$(inherited)",
				);
				GCC_WARN_64_TO_32_BIT_CONVERSION = YES;
				GCC_WARN_ABOUT_RETURN_TYPE = YES_ERROR;
				GCC_WARN_UNDECLARED_SELECTOR = YES;
				GCC_WARN_UNINITIALIZED_AUTOS = YES_AGGRESSIVE;
				GCC_WARN_UNUSED_FUNCTION = YES;
				GCC_WARN_UNUSED_VARIABLE = YES;
				IPHONEOS_DEPLOYMENT_TARGET = 18.0;
				LOCALIZATION_PREFERS_STRING_CATALOGS = YES;
				MTL_ENABLE_DEBUG_INFO = INCLUDE_SOURCE;
				MTL_FAST_MATH = YES;
				ONLY_ACTIVE_ARCH = YES;
				SDKROOT = iphoneos;
				MOVIECAL_SUPABASE_ANON_KEY = "your-supabase-anon-key";
				MOVIECAL_SUPABASE_URL_AUTHORITY_AND_PATH = "your-project-ref.supabase.co";
				MOVIECAL_SUPABASE_URL_SCHEME = https;
				SWIFT_ACTIVE_COMPILATION_CONDITIONS = "DEBUG $(inherited)";
				SWIFT_OPTIMIZATION_LEVEL = "-Onone";
			};
			name = Debug;
		};
		CAFEF00D0000000000000008 /* Release */ = {
			isa = XCBuildConfiguration;
			buildSettings = {
				ALWAYS_SEARCH_USER_PATHS = NO;
				CLANG_ANALYZER_NONNULL = YES;
				CLANG_ANALYZER_NUMBER_OBJECT_CONVERSION = YES_AGGRESSIVE;
				CLANG_CXX_LANGUAGE_STANDARD = "gnu++20";
				CLANG_ENABLE_MODULES = YES;
				CLANG_ENABLE_OBJC_ARC = YES;
				CLANG_ENABLE_OBJC_WEAK = YES;
				CLANG_WARN_BLOCK_CAPTURE_AUTORELEASING = YES;
				CLANG_WARN_BOOL_CONVERSION = YES;
				CLANG_WARN_COMMA = YES;
				CLANG_WARN_CONSTANT_CONVERSION = YES;
				CLANG_WARN_DEPRECATED_OBJC_IMPLEMENTATIONS = YES;
				CLANG_WARN_DIRECT_OBJC_ISA_USAGE = YES_ERROR;
				CLANG_WARN_DOCUMENTATION_COMMENTS = YES;
				CLANG_WARN_EMPTY_BODY = YES;
				CLANG_WARN_ENUM_CONVERSION = YES;
				CLANG_WARN_INFINITE_RECURSION = YES;
				CLANG_WARN_INT_CONVERSION = YES;
				CLANG_WARN_NON_LITERAL_NULL_CONVERSION = YES;
				CLANG_WARN_OBJC_IMPLICIT_RETAIN_SELF = YES;
				CLANG_WARN_OBJC_LITERAL_CONVERSION = YES;
				CLANG_WARN_OBJC_ROOT_CLASS = YES_ERROR;
				CLANG_WARN_QUOTED_INCLUDE_IN_FRAMEWORK_HEADER = YES;
				CLANG_WARN_RANGE_LOOP_ANALYSIS = YES;
				CLANG_WARN_STRICT_PROTOTYPES = YES;
				CLANG_WARN_SUSPICIOUS_MOVE = YES;
				CLANG_WARN_UNGUARDED_AVAILABILITY = YES_AGGRESSIVE;
				CLANG_WARN_UNREACHABLE_CODE = YES;
				CLANG_WARN__DUPLICATE_METHOD_MATCH = YES;
				COPY_PHASE_STRIP = NO;
				DEBUG_INFORMATION_FORMAT = "dwarf-with-dsym";
				ENABLE_NS_ASSERTIONS = NO;
				ENABLE_STRICT_OBJC_MSGSEND = YES;
				ENABLE_USER_SCRIPT_SANDBOXING = YES;
				GCC_C_LANGUAGE_STANDARD = gnu17;
				GCC_NO_COMMON_BLOCKS = YES;
				GCC_WARN_64_TO_32_BIT_CONVERSION = YES;
				GCC_WARN_ABOUT_RETURN_TYPE = YES_ERROR;
				GCC_WARN_UNDECLARED_SELECTOR = YES;
				GCC_WARN_UNINITIALIZED_AUTOS = YES_AGGRESSIVE;
				GCC_WARN_UNUSED_FUNCTION = YES;
				GCC_WARN_UNUSED_VARIABLE = YES;
				IPHONEOS_DEPLOYMENT_TARGET = 18.0;
				LOCALIZATION_PREFERS_STRING_CATALOGS = YES;
				MTL_ENABLE_DEBUG_INFO = NO;
				MTL_FAST_MATH = YES;
				ONLY_ACTIVE_ARCH = NO;
				SDKROOT = iphoneos;
				MOVIECAL_SUPABASE_ANON_KEY = "your-supabase-anon-key";
				MOVIECAL_SUPABASE_URL_AUTHORITY_AND_PATH = "your-project-ref.supabase.co";
				MOVIECAL_SUPABASE_URL_SCHEME = https;
				SWIFT_COMPILATION_MODE = wholemodule;
				VALIDATE_PRODUCT = YES;
			};
			name = Release;
		};
		CAFEF00D0000000000000009 /* Debug */ = {
			isa = XCBuildConfiguration;
			buildSettings = {
				ASSETCATALOG_COMPILER_GENERATE_SWIFT_ASSET_SYMBOL_EXTENSIONS = YES;
				CODE_SIGN_STYLE = Automatic;
				CURRENT_PROJECT_VERSION = 1;
				DEVELOPMENT_ASSET_PATHS = "";
				ENABLE_PREVIEWS = YES;
				INFOPLIST_FILE = Moviecal/Info.plist;
				IPHONEOS_DEPLOYMENT_TARGET = 18.0;
				LD_RUNPATH_SEARCH_PATHS = (
					"$(inherited)",
					"@executable_path/Frameworks",
				);
				MARKETING_VERSION = 1.0;
				MOVIECAL_API_BASE_URL = "http://localhost:3100";
				PRODUCT_BUNDLE_IDENTIFIER = com.moviecal.ios;
				PRODUCT_NAME = "$(TARGET_NAME)";
				SWIFT_EMIT_LOC_STRINGS = YES;
				SWIFT_VERSION = 5.0;
				TARGETED_DEVICE_FAMILY = "1,2";
			};
			name = Debug;
		};
		CAFEF00D0000000000000010 /* Release */ = {
			isa = XCBuildConfiguration;
			buildSettings = {
				ASSETCATALOG_COMPILER_GENERATE_SWIFT_ASSET_SYMBOL_EXTENSIONS = YES;
				CODE_SIGN_STYLE = Automatic;
				CURRENT_PROJECT_VERSION = 1;
				DEVELOPMENT_ASSET_PATHS = "";
				ENABLE_PREVIEWS = YES;
				INFOPLIST_FILE = Moviecal/Info.plist;
				IPHONEOS_DEPLOYMENT_TARGET = 18.0;
				LD_RUNPATH_SEARCH_PATHS = (
					"$(inherited)",
					"@executable_path/Frameworks",
				);
				MARKETING_VERSION = 1.0;
				MOVIECAL_API_BASE_URL = "https://moviecal-nine.vercel.app";
				PRODUCT_BUNDLE_IDENTIFIER = com.moviecal.ios;
				PRODUCT_NAME = "$(TARGET_NAME)";
				SWIFT_EMIT_LOC_STRINGS = YES;
				SWIFT_VERSION = 5.0;
				TARGETED_DEVICE_FAMILY = "1,2";
			};
			name = Release;
		};
		CAFEF00D0000000000000011 /* Debug */ = {
			isa = XCBuildConfiguration;
			buildSettings = {
				BUNDLE_LOADER = "$(TEST_HOST)";
				CODE_SIGN_STYLE = Automatic;
				CURRENT_PROJECT_VERSION = 1;
				GENERATE_INFOPLIST_FILE = YES;
				IPHONEOS_DEPLOYMENT_TARGET = 18.0;
				MARKETING_VERSION = 1.0;
				PRODUCT_BUNDLE_IDENTIFIER = com.moviecal.ios.MoviecalTests;
				PRODUCT_NAME = "$(TARGET_NAME)";
				SWIFT_EMIT_LOC_STRINGS = YES;
				SWIFT_VERSION = 5.0;
				TARGETED_DEVICE_FAMILY = "1,2";
				TEST_HOST = "$(BUILT_PRODUCTS_DIR)/Moviecal.app/Moviecal";
			};
			name = Debug;
		};
		CAFEF00D0000000000000012 /* Release */ = {
			isa = XCBuildConfiguration;
			buildSettings = {
				BUNDLE_LOADER = "$(TEST_HOST)";
				CODE_SIGN_STYLE = Automatic;
				CURRENT_PROJECT_VERSION = 1;
				GENERATE_INFOPLIST_FILE = YES;
				IPHONEOS_DEPLOYMENT_TARGET = 18.0;
				MARKETING_VERSION = 1.0;
				PRODUCT_BUNDLE_IDENTIFIER = com.moviecal.ios.MoviecalTests;
				PRODUCT_NAME = "$(TARGET_NAME)";
				SWIFT_EMIT_LOC_STRINGS = YES;
				SWIFT_VERSION = 5.0;
				TARGETED_DEVICE_FAMILY = "1,2";
				TEST_HOST = "$(BUILT_PRODUCTS_DIR)/Moviecal.app/Moviecal";
			};
			name = Release;
		};
		CAFEF00D0000000000000111 /* Debug */ = {
			isa = XCBuildConfiguration;
			buildSettings = {
				CODE_SIGN_STYLE = Automatic;
				CURRENT_PROJECT_VERSION = 1;
				GENERATE_INFOPLIST_FILE = YES;
				IPHONEOS_DEPLOYMENT_TARGET = 18.0;
				MARKETING_VERSION = 1.0;
				PRODUCT_BUNDLE_IDENTIFIER = com.moviecal.ios.MoviecalUITests;
				PRODUCT_NAME = "$(TARGET_NAME)";
				SWIFT_EMIT_LOC_STRINGS = YES;
				SWIFT_VERSION = 5.0;
				TARGETED_DEVICE_FAMILY = "1,2";
				TEST_TARGET_NAME = Moviecal;
			};
			name = Debug;
		};
		CAFEF00D0000000000000112 /* Release */ = {
			isa = XCBuildConfiguration;
			buildSettings = {
				CODE_SIGN_STYLE = Automatic;
				CURRENT_PROJECT_VERSION = 1;
				GENERATE_INFOPLIST_FILE = YES;
				IPHONEOS_DEPLOYMENT_TARGET = 18.0;
				MARKETING_VERSION = 1.0;
				PRODUCT_BUNDLE_IDENTIFIER = com.moviecal.ios.MoviecalUITests;
				PRODUCT_NAME = "$(TARGET_NAME)";
				SWIFT_EMIT_LOC_STRINGS = YES;
				SWIFT_VERSION = 5.0;
				TARGETED_DEVICE_FAMILY = "1,2";
				TEST_TARGET_NAME = Moviecal;
			};
			name = Release;
		};
/* End XCBuildConfiguration section */

/* Begin XCConfigurationList section */
		CAFEF00D0000000000000004 /* Build configuration list for PBXProject "Moviecal" */ = {
			isa = XCConfigurationList;
			buildConfigurations = (
				CAFEF00D0000000000000007 /* Debug */,
				CAFEF00D0000000000000008 /* Release */,
			);
			defaultConfigurationIsVisible = 0;
			defaultConfigurationName = Release;
		};
		CAFEF00D0000000000000005 /* Build configuration list for PBXNativeTarget "Moviecal" */ = {
			isa = XCConfigurationList;
			buildConfigurations = (
				CAFEF00D0000000000000009 /* Debug */,
				CAFEF00D0000000000000010 /* Release */,
			);
			defaultConfigurationIsVisible = 0;
			defaultConfigurationName = Release;
		};
		CAFEF00D0000000000000006 /* Build configuration list for PBXNativeTarget "MoviecalTests" */ = {
			isa = XCConfigurationList;
			buildConfigurations = (
				CAFEF00D0000000000000011 /* Debug */,
				CAFEF00D0000000000000012 /* Release */,
			);
			defaultConfigurationIsVisible = 0;
			defaultConfigurationName = Release;
		};
		CAFEF00D0000000000000110 /* Build configuration list for PBXNativeTarget "MoviecalUITests" */ = {
			isa = XCConfigurationList;
			buildConfigurations = (
				CAFEF00D0000000000000111 /* Debug */,
				CAFEF00D0000000000000112 /* Release */,
			);
			defaultConfigurationIsVisible = 0;
			defaultConfigurationName = Release;
		};
/* End XCConfigurationList section */

/* Begin XCRemoteSwiftPackageReference section */
		B21B3D657B5505C26F549A23 /* XCRemoteSwiftPackageReference "supabase-swift" */ = {
			isa = XCRemoteSwiftPackageReference;
			repositoryURL = "https://github.com/supabase/supabase-swift";
			requirement = {
				kind = upToNextMajorVersion;
				minimumVersion = 2.55.2;
			};
		};
/* End XCRemoteSwiftPackageReference section */

/* Begin XCSwiftPackageProductDependency section */
		4CCBA85CF945B815A85F2E7D /* Auth */ = {
			isa = XCSwiftPackageProductDependency;
			package = B21B3D657B5505C26F549A23 /* XCRemoteSwiftPackageReference "supabase-swift" */;
			productName = Auth;
		};
		CF0CE987D5A42D231A395707 /* Auth */ = {
			isa = XCSwiftPackageProductDependency;
			package = B21B3D657B5505C26F549A23 /* XCRemoteSwiftPackageReference "supabase-swift" */;
			productName = Auth;
		};
/* End XCSwiftPackageProductDependency section */
	};
	rootObject = CAFEF00D0000000000000001 /* Project object */;
}
